{
  "name": "kusarihime-translation-web",
  "version": "0.0.1",
  "lockfileVersion": 1,
  "requires": true,
  "dependencies": {
    "vn-translation-tools": {
      "version": "https://github.com/klesun-misc/vn-translation-tools/tarball/95834bcfe343f2a2c47032e76fc0562ac9c46dde",
      "integrity": "sha512-MiCb8B4/9sJ9veKc5nQA/en/g1tGBE86ppv2paZUhY5KkF9jEB662ZUqYVRP+AoPWWW8gMZfI9g0EzwaI3yDdg=="
    }
  }
}
